# This file is automatically @generated by Cargo.
# It is not intended for manual editing.
version = 4

[[package]]
name = "automata"
version = "0.1.0"

[[package]]
name = "cli"
version = "0.1.0"
dependencies = [
 "colorz",
]

[[package]]
name = "colorz"
version = "1.1.4"
source = "registry+https://github.com/rust-lang/crates.io-index"
checksum = "6ceb37c5798821e37369cb546f430f19da2f585e0364c9615ae340a9f2e6067b"
